
Microsoft Visual Studio Solution File, Format Version 12.00
# Visual Studio 2013
VisualStudioVersion = 12.0.30501.0
MinimumVisualStudioVersion = 10.0.40219.1
Project("{8BC9CEB8-8B4A-11D0-8D11-00A0C91BC942}") = "Paladin", "Paladin\Paladin.vcxproj", "{682DA44D-B34C-4031-9EB4-C920E49B4FC7}"
EndProject
Global
	GlobalSection(SolutionConfigurationPlatforms) = preSolution
		Debug|Win32 = Debug|Win32
		Release|Win32 = Release|Win32
	EndGlobalSection
	GlobalSection(ProjectConfigurationPlatforms) = postSolution
		{682DA44D-B34C-4031-9EB4-C920E49B4FC7}.Debug|Win32.ActiveCfg = Debug|Win32
		{682DA44D-B34C-4031-9EB4-C920E49B4FC7}.Debug|Win32.Build.0 = Debug|Win32
		{682DA44D-B34C-4031-9EB4-C920E49B4FC7}.Release|Win32.ActiveCfg = Release|Win32
		{682DA44D-B34C-4031-9EB4-C920E49B4FC7}.Release|Win32.Build.0 = Release|Win32
	EndGlobalSection
	GlobalSection(SolutionProperties) = preSolution
		HideSolutionNode = FALSE
	EndGlobalSection
EndGlobal
